
Microsoft Visual Studio Solution File, Format Version 12.00
# Visual Studio Version 16
VisualStudioVersion = 16.0.32901.82
MinimumVisualStudioVersion = 10.0.40219.1
Project("{8BC9CEB8-8B4A-11D0-8D11-00A0C91BC942}") = "VirtualLego", "VirtualLego.vcxproj", "{02E743D0-ADE6-468C-881E-B721DD9A7D98}"
EndProject
Global
	GlobalSection(SolutionConfigurationPlatforms) = preSolution
		Debug|x86 = Debug|x86
		Release|x86 = Release|x86
	EndGlobalSection
	GlobalSection(ProjectConfigurationPlatforms) = postSolution
		{02E743D0-ADE6-468C-881E-B721DD9A7D98}.Debug|x86.ActiveCfg = Debug|Win32
		{02E743D0-ADE6-468C-881E-B721DD9A7D98}.Debug|x86.Build.0 = Debug|Win32
		{02E743D0-ADE6-468C-881E-B721DD9A7D98}.Release|x86.ActiveCfg = Release|Win32
		{02E743D0-ADE6-468C-881E-B721DD9A7D98}.Release|x86.Build.0 = Release|Win32
	EndGlobalSection
	GlobalSection(SolutionProperties) = preSolution
		HideSolutionNode = FALSE
	EndGlobalSection
	GlobalSection(ExtensibilityGlobals) = postSolution
		SolutionGuid = {2479D594-5B70-4AEE-A6CE-0DCF54A1CE90}
	EndGlobalSection
EndGlobal
